
Microsoft Visual Studio Solution File, Format Version 12.00
# Visual Studio Version 16
VisualStudioVersion = 16.0.31424.327
MinimumVisualStudioVersion = 10.0.40219.1
Project("{FAE04EC0-301F-11D3-BF4B-00C04F79EFBC}") = "WebApplication1", "WebApplication1\WebApplication1.csproj", "{8A205305-A1B1-449A-AC49-37A12F90458F}"
EndProject
Global
	GlobalSection(SolutionConfigurationPlatforms) = preSolution
		Debug|Any CPU = Debug|Any CPU
		Release|Any CPU = Release|Any CPU
	EndGlobalSection
	GlobalSection(ProjectConfigurationPlatforms) = postSolution
		{8A205305-A1B1-449A-AC49-37A12F90458F}.Debug|Any CPU.ActiveCfg = Debug|Any CPU
		{8A205305-A1B1-449A-AC49-37A12F90458F}.Debug|Any CPU.Build.0 = Debug|Any CPU
		{8A205305-A1B1-449A-AC49-37A12F90458F}.Release|Any CPU.ActiveCfg = Release|Any CPU
		{8A205305-A1B1-449A-AC49-37A12F90458F}.Release|Any CPU.Build.0 = Release|Any CPU
	EndGlobalSection
	GlobalSection(SolutionProperties) = preSolution
		HideSolutionNode = FALSE
	EndGlobalSection
	GlobalSection(ExtensibilityGlobals) = postSolution
		SolutionGuid = {35D26AAD-81AF-459C-B54C-3C3FA002EFE5}
	EndGlobalSection
EndGlobal
